
Microsoft Visual Studio Solution File, Format Version 12.00
# Visual Studio Version 17
VisualStudioVersion = 17.6.33829.357
MinimumVisualStudioVersion = 10.0.40219.1
Project("{9A19103F-16F7-4668-BE54-9A1E7A4F7556}") = "HumanityGrid.ECPP", "HumanityGrid.ECPP\HumanityGrid.ECPP.csproj", "{BD1245C9-0F80-4018-83E0-B39CA1AD9E25}"
EndProject
Project("{FAE04EC0-301F-11D3-BF4B-00C04F79EFBC}") = "HumanityGrid", "HumanityGrid\HumanityGrid.csproj", "{B795DBB3-A4AB-4A32-896B-2C562697668D}"
EndProject
Global
	GlobalSection(SolutionConfigurationPlatforms) = preSolution
		Debug|Any CPU = Debug|Any CPU
		Release|Any CPU = Release|Any CPU
	EndGlobalSection
	GlobalSection(ProjectConfigurationPlatforms) = postSolution
		{BD1245C9-0F80-4018-83E0-B39CA1AD9E25}.Debug|Any CPU.ActiveCfg = Debug|Any CPU
		{BD1245C9-0F80-4018-83E0-B39CA1AD9E25}.Debug|Any CPU.Build.0 = Debug|Any CPU
		{BD1245C9-0F80-4018-83E0-B39CA1AD9E25}.Release|Any CPU.ActiveCfg = Release|Any CPU
		{BD1245C9-0F80-4018-83E0-B39CA1AD9E25}.Release|Any CPU.Build.0 = Release|Any CPU
		{B795DBB3-A4AB-4A32-896B-2C562697668D}.Debug|Any CPU.ActiveCfg = Debug|Any CPU
		{B795DBB3-A4AB-4A32-896B-2C562697668D}.Debug|Any CPU.Build.0 = Debug|Any CPU
		{B795DBB3-A4AB-4A32-896B-2C562697668D}.Release|Any CPU.ActiveCfg = Release|Any CPU
		{B795DBB3-A4AB-4A32-896B-2C562697668D}.Release|Any CPU.Build.0 = Release|Any CPU
	EndGlobalSection
	GlobalSection(SolutionProperties) = preSolution
		HideSolutionNode = FALSE
	EndGlobalSection
	GlobalSection(ExtensibilityGlobals) = postSolution
		SolutionGuid = {4E80F36F-8084-4FE2-8D1D-F22321162378}
	EndGlobalSection
EndGlobal
